
Microsoft Visual Studio Solution File, Format Version 12.00
# Visual Studio Version 17
VisualStudioVersion = 17.8.34330.188
MinimumVisualStudioVersion = 10.0.40219.1
Project("{FAE04EC0-301F-11D3-BF4B-00C04F79EFBC}") = "CardsGame", "CardsGame\CardsGame.csproj", "{ED2D9BE6-ACAA-4378-8C81-1553A2372596}"
EndProject
Global
	GlobalSection(SolutionConfigurationPlatforms) = preSolution
		Debug|Any CPU = Debug|Any CPU
		Release|Any CPU = Release|Any CPU
	EndGlobalSection
	GlobalSection(ProjectConfigurationPlatforms) = postSolution
		{ED2D9BE6-ACAA-4378-8C81-1553A2372596}.Debug|Any CPU.ActiveCfg = Debug|Any CPU
		{ED2D9BE6-ACAA-4378-8C81-1553A2372596}.Debug|Any CPU.Build.0 = Debug|Any CPU
		{ED2D9BE6-ACAA-4378-8C81-1553A2372596}.Release|Any CPU.ActiveCfg = Release|Any CPU
		{ED2D9BE6-ACAA-4378-8C81-1553A2372596}.Release|Any CPU.Build.0 = Release|Any CPU
	EndGlobalSection
	GlobalSection(SolutionProperties) = preSolution
		HideSolutionNode = FALSE
	EndGlobalSection
	GlobalSection(ExtensibilityGlobals) = postSolution
		SolutionGuid = {7AFECD74-0D70-4897-B417-334EEA88ACDC}
	EndGlobalSection
EndGlobal
